<?xml version="1.0" encoding="utf-8"?>
<Project ToolsVersion="4.0" xmlns="http://schemas.microsoft.com/developer/msbuild/2003">
  <ItemGroup>
    <Filter Include="Resource Files">
      <UniqueIdentifier>{67DA6AB6-F800-4c08-8B7A-83BB121AAD01}</UniqueIdentifier>
      <Extensions>rc;ico;cur;bmp;dlg;rc2;rct;bin;rgs;gif;jpg;jpeg;jpe;resx;tiff;tif;png;wav;mfcribbon-ms</Extensions>
    </Filter>
    <Filter Include="imGUI">
      <UniqueIdentifier>{38813d90-9b99-407e-a4ed-c3350cd76588}</UniqueIdentifier>
    </Filter>
    <Filter Include="imGUI\Header Files">
      <UniqueIdentifier>{9e87504c-71db-4c86-ba13-5a7fc50372b5}</UniqueIdentifier>
    </Filter>
    <Filter Include="imGUI\Source Files">
      <UniqueIdentifier>{ffee9201-0b65-4707-acb1-34d8d4cc77b3}</UniqueIdentifier>
    </Filter>
    <Filter Include="Moss Framework">
      <UniqueIdentifier>{099cfc7f-35ee-49a2-bb16-cbfe45101be8}</UniqueIdentifier>
    </Filter>
    <Filter Include="Moss Framework\Input">
      <UniqueIdentifier>{febd8a38-b881-4df2-b81e-f6455dc05868}</UniqueIdentifier>
    </Filter>
    <Filter Include="Moss Framework\Math">
      <UniqueIdentifier>{e23bb230-76e8-49a1-85ca-e1118069db22}</UniqueIdentifier>
    </Filter>
    <Filter Include="Moss Framework\Math\Header Files">
      <UniqueIdentifier>{86ecb6e9-24a0-4a0c-afa4-57cc1749f4c5}</UniqueIdentifier>
    </Filter>
    <Filter Include="Moss Framework\Math\Source Files">
      <UniqueIdentifier>{3de058a1-a35d-41e4-8beb-579974ec141c}</UniqueIdentifier>
    </Filter>
    <Filter Include="Moss Framework\Time">
      <UniqueIdentifier>{4a02aea6-4f4a-449b-8504-607841a727dd}</UniqueIdentifier>
    </Filter>
    <Filter Include="Moss Framework\Render">
      <UniqueIdentifier>{8cdf2d97-444e-45bd-8801-43cb8182c628}</UniqueIdentifier>
    </Filter>
    <Filter Include="Moss Framework\Sound">
      <UniqueIdentifier>{440df9e9-3cbb-415e-a0ee-158d96691087}</UniqueIdentifier>
    </Filter>
    <Filter Include="Moss Framework\GameObjects">
      <UniqueIdentifier>{d27d6992-0b43-4156-8f3a-ab9fef16f2a9}</UniqueIdentifier>
    </Filter>
    <Filter Include="Moss Framework\GameStates">
      <UniqueIdentifier>{d39b8007-5b35-4102-a4d8-9daeb46d4aa9}</UniqueIdentifier>
    </Filter>
    <Filter Include="Moss Framework\Map">
      <UniqueIdentifier>{35f58f4a-912a-4944-b362-148d32b07775}</UniqueIdentifier>
    </Filter>
  </ItemGroup>
  <ItemGroup>
    <ClCompile Include="Source\MouseController.cpp">
      <Filter>Moss Framework\Input</Filter>
    </ClCompile>
    <ClCompile Include="Source\MatrixStack.cpp">
      <Filter>Moss Framework\Math\Source Files</Filter>
    </ClCompile>
    <ClCompile Include="Source\Mtx44.cpp">
      <Filter>Moss Framework\Math\Source Files</Filter>
    </ClCompile>
    <ClCompile Include="Source\Vector3.cpp">
      <Filter>Moss Framework\Math\Source Files</Filter>
    </ClCompile>
    <ClCompile Include="Source\timer.cpp">
      <Filter>Moss Framework\Time</Filter>
    </ClCompile>
    <ClCompile Include="Source\RenderParameters.cpp">
      <Filter>Moss Framework\Render</Filter>
    </ClCompile>
    <ClCompile Include="Source\imGUI\imgui_demo.cpp">
      <Filter>imGUI\Source Files</Filter>
    </ClCompile>
    <ClCompile Include="Source\imGUI\imgui_draw.cpp">
      <Filter>imGUI\Source Files</Filter>
    </ClCompile>
    <ClCompile Include="Source\imGUI\backends\imgui_impl_glfw.cpp">
      <Filter>imGUI\Source Files</Filter>
    </ClCompile>
    <ClCompile Include="Source\imGUI\backends\imgui_impl_opengl3.cpp">
      <Filter>imGUI\Source Files</Filter>
    </ClCompile>
    <ClCompile Include="Source\imGUI\imgui_widgets.cpp">
      <Filter>imGUI\Source Files</Filter>
    </ClCompile>
    <ClCompile Include="Source\imGUI\imgui_tables.cpp">
      <Filter>imGUI\Source Files</Filter>
    </ClCompile>
    <ClCompile Include="Source\imGUI\imgui.cpp">
      <Filter>imGUI\Source Files</Filter>
    </ClCompile>
    <ClCompile Include="Source\Application.cpp">
      <Filter>Moss Framework</Filter>
    </ClCompile>
    <ClCompile Include="Source\Camera.cpp">
      <Filter>Moss Framework\Render</Filter>
    </ClCompile>
    <ClCompile Include="Source\BGMManager.cpp">
      <Filter>Moss Framework\Sound</Filter>
    </ClCompile>
    <ClCompile Include="Source\SoundInfo.cpp">
      <Filter>Moss Framework\Sound</Filter>
    </ClCompile>
    <ClCompile Include="Source\SoundManager2D.cpp">
      <Filter>Moss Framework\Sound</Filter>
    </ClCompile>
    <ClCompile Include="Source\GameObject.cpp">
      <Filter>Moss Framework\GameObjects</Filter>
    </ClCompile>
    <ClCompile Include="Source\Entity2D.cpp">
      <Filter>Moss Framework\GameObjects</Filter>
    </ClCompile>
    <ClCompile Include="Source\GameState.cpp">
      <Filter>Moss Framework\GameStates</Filter>
    </ClCompile>
    <ClCompile Include="Source\GameStateManager.cpp">
      <Filter>Moss Framework\GameStates</Filter>
    </ClCompile>
    <ClCompile Include="Source\Mesh.cpp">
      <Filter>Moss Framework\Render</Filter>
    </ClCompile>
    <ClCompile Include="Source\MeshBuilder.cpp">
      <Filter>Moss Framework\Render</Filter>
    </ClCompile>
    <ClCompile Include="Source\shader.cpp">
      <Filter>Moss Framework\Render</Filter>
    </ClCompile>
    <ClCompile Include="Source\Map2D.cpp">
      <Filter>Moss Framework\Map</Filter>
    </ClCompile>
    <ClCompile Include="Source\LoadTGA.cpp">
      <Filter>Moss Framework\Render</Filter>
    </ClCompile>
    <ClCompile Include="Source\ImageLoader.cpp">
      <Filter>Moss Framework\Render</Filter>
    </ClCompile>
    <ClCompile Include="Source\KeyboardController.cpp">
      <Filter>Moss Framework\Input</Filter>
    </ClCompile>
  </ItemGroup>
  <ItemGroup>
    <ClInclude Include="Source\MouseController.h">
      <Filter>Moss Framework\Input</Filter>
    </ClInclude>
    <ClInclude Include="Source\MyMath.h">
      <Filter>Moss Framework\Math\Header Files</Filter>
    </ClInclude>
    <ClInclude Include="Source\MatrixStack.h">
      <Filter>Moss Framework\Math\Header Files</Filter>
    </ClInclude>
    <ClInclude Include="Source\Mtx44.h">
      <Filter>Moss Framework\Math\Header Files</Filter>
    </ClInclude>
    <ClInclude Include="Source\Vector3.h">
      <Filter>Moss Framework\Math\Header Files</Filter>
    </ClInclude>
    <ClInclude Include="Source\timer.h">
      <Filter>Moss Framework\Time</Filter>
    </ClInclude>
    <ClInclude Include="Source\DesignPatterns\SingletonTemplate.h" />
    <ClInclude Include="Source\filesystem.h" />
    <ClInclude Include="Source\RenderParameters.h">
      <Filter>Moss Framework\Render</Filter>
    </ClInclude>
    <ClInclude Include="Source\imGUI\imconfig.h">
      <Filter>imGUI\Header Files</Filter>
    </ClInclude>
    <ClInclude Include="Source\imGUI\imgui.h">
      <Filter>imGUI\Header Files</Filter>
    </ClInclude>
    <ClInclude Include="Source\imGUI\backends\imgui_impl_glfw.h">
      <Filter>imGUI\Header Files</Filter>
    </ClInclude>
    <ClInclude Include="Source\imGUI\backends\imgui_impl_opengl3.h">
      <Filter>imGUI\Header Files</Filter>
    </ClInclude>
    <ClInclude Include="Source\imGUI\imgui_internal.h">
      <Filter>imGUI\Header Files</Filter>
    </ClInclude>
    <ClInclude Include="Source\Application.h">
      <Filter>Moss Framework</Filter>
    </ClInclude>
    <ClInclude Include="Source\Camera.h">
      <Filter>Moss Framework\Render</Filter>
    </ClInclude>
    <ClInclude Include="Source\BGMManager.h">
      <Filter>Moss Framework\Sound</Filter>
    </ClInclude>
    <ClInclude Include="Source\SoundInfo.h">
      <Filter>Moss Framework\Sound</Filter>
    </ClInclude>
    <ClInclude Include="Source\SoundManager2D.h">
      <Filter>Moss Framework\Sound</Filter>
    </ClInclude>
    <ClInclude Include="Source\GameObject.h">
      <Filter>Moss Framework\GameObjects</Filter>
    </ClInclude>
    <ClInclude Include="Source\Entity2D.h">
      <Filter>Moss Framework\GameObjects</Filter>
    </ClInclude>
    <ClInclude Include="Source\GameState.h">
      <Filter>Moss Framework\GameStates</Filter>
    </ClInclude>
    <ClInclude Include="Source\GameStateManager.h">
      <Filter>Moss Framework\GameStates</Filter>
    </ClInclude>
    <ClInclude Include="Source\Material.h">
      <Filter>Moss Framework\Render</Filter>
    </ClInclude>
    <ClInclude Include="Source\Mesh.h">
      <Filter>Moss Framework\Render</Filter>
    </ClInclude>
    <ClInclude Include="Source\MeshBuilder.h">
      <Filter>Moss Framework\Render</Filter>
    </ClInclude>
    <ClInclude Include="Source\shader.hpp">
      <Filter>Moss Framework\Render</Filter>
    </ClInclude>
    <ClInclude Include="Source\Vertex.h">
      <Filter>Moss Framework\Render</Filter>
    </ClInclude>
    <ClInclude Include="Source\Map2D.h">
      <Filter>Moss Framework\Map</Filter>
    </ClInclude>
    <ClInclude Include="Source\LoadTGA.h">
      <Filter>Moss Framework\Render</Filter>
    </ClInclude>
    <ClInclude Include="Source\ImageLoader.h">
      <Filter>Moss Framework\Render</Filter>
    </ClInclude>
    <ClInclude Include="Source\KeyboardController.h">
      <Filter>Moss Framework\Input</Filter>
    </ClInclude>
  </ItemGroup>
</Project>